
Microsoft Visual Studio Solution File, Format Version 12.00
Project("{FAE04EC0-301F-11D3-BF4B-00C04F79EFBC}") = "Globomantics", "Globomantics.csproj", "{089229B4-2FD9-4F51-B9FD-41038F492A17}"
EndProject
Project("{FAE04EC0-301F-11D3-BF4B-00C04F79EFBC}") = "Shared", "Shared\Shared.csproj", "{35FA809A-1ACA-4DEB-9397-AC31DF88AEA5}"
EndProject
Global
	GlobalSection(SolutionConfigurationPlatforms) = preSolution
		Debug|Any CPU = Debug|Any CPU
		Release|Any CPU = Release|Any CPU
	EndGlobalSection
	GlobalSection(ProjectConfigurationPlatforms) = postSolution
		{089229B4-2FD9-4F51-B9FD-41038F492A17}.Debug|Any CPU.ActiveCfg = Debug|Any CPU
		{089229B4-2FD9-4F51-B9FD-41038F492A17}.Debug|Any CPU.Build.0 = Debug|Any CPU
		{089229B4-2FD9-4F51-B9FD-41038F492A17}.Release|Any CPU.ActiveCfg = Release|Any CPU
		{089229B4-2FD9-4F51-B9FD-41038F492A17}.Release|Any CPU.Build.0 = Release|Any CPU
		{35FA809A-1ACA-4DEB-9397-AC31DF88AEA5}.Debug|Any CPU.ActiveCfg = Debug|Any CPU
		{35FA809A-1ACA-4DEB-9397-AC31DF88AEA5}.Debug|Any CPU.Build.0 = Debug|Any CPU
		{35FA809A-1ACA-4DEB-9397-AC31DF88AEA5}.Release|Any CPU.ActiveCfg = Release|Any CPU
		{35FA809A-1ACA-4DEB-9397-AC31DF88AEA5}.Release|Any CPU.Build.0 = Release|Any CPU
	EndGlobalSection
EndGlobal
